# THIS IS AN AUTOGENERATED FILE. DO NOT EDIT THIS FILE DIRECTLY.
# yarn lockfile v1


compromise@^11.13.2:
  version "11.13.2"
  resolved "https://registry.yarnpkg.com/compromise/-/compromise-11.13.2.tgz#19cf7d9814ca005548b7e470cf9025c9bb7b5524"
  integrity sha512-E1zhtbVNapANcLVCktjm+GxZh+J3pE4epUXb6AgKRr1hYdM8AfUuV+sAS6M7Anuikq9q9HTMVttm1ignDLHt6A==
  dependencies:
    efrt-unpack "2.0.3"

efrt-unpack@2.0.3:
  version "2.0.3"
  resolved "https://registry.yarnpkg.com/efrt-unpack/-/efrt-unpack-2.0.3.tgz#6ada57793e3dda16d182f6a371fbe3d135af9dc2"
  integrity sha512-ocvMy2FUrwdO8mfbe8abpb9hEC8GqifH5/VONgb9aPNOTakRcJVTaLMBG6TBQ64Y7qEVABIkVA9jacdKJErE+g==
